lockfileVersion: '9.0'

settings:
  autoInstallPeers: true
  excludeLinksFromLockfile: false

importers:

  .:
    devDependencies:
      '@eslint/js':
        specifier: ^9.27.0
        version: 9.27.0

packages:

  '@eslint/js@9.27.0':
    resolution: {integrity: sha512-G5JD9Tu5HJEu4z2Uo4aHY2sLV64B7CDMXxFzqzjl3NKd6RVzSXNoE80jk7Y0lJkTTkjiIhBAqmlYwjuBY3tvpA==}
    engines: {node: ^18.18.0 || ^20.9.0 || >=21.1.0}

snapshots:

  '@eslint/js@9.27.0': {}
